{
	"name": "tinymce_spellchecker_php",
	"version": "4.0.0",
	"lockfileVersion": 3,
	"requires": true,
	"packages": {
		"": {
			"name": "tinymce_spellchecker_php",
			"version": "4.0.0",
			"dependencies": {
				"moxie-zip": ">= 0.0.1"
			},
			"engines": {
				"node": ">=0.8.0"
			}
		},
		"node_modules/moxie-zip": {
			"version": "0.0.4",
			"resolved": "https://registry.npmjs.org/moxie-zip/-/moxie-zip-0.0.4.tgz",
			"integrity": "sha512-qZrEQyUYEyn1nCmCvw92A11LaWNwjC6C6UakNYlvAekzeQvGupVBlkInxYdPblyeJTtK/8IsPbOt78iZUf4iYA==",
			"engines": {
				"node": ">=0.8.0"
			}
		}
	}
}
